
Microsoft Visual Studio Solution File, Format Version 12.00
# Visual Studio Version 17
VisualStudioVersion = 17.3.32929.385
MinimumVisualStudioVersion = 10.0.40219.1
Project("{FAE04EC0-301F-11D3-BF4B-00C04F79EFBC}") = "Mono Base Plate", "Mono Base Plate\Mono Base Plate.csproj", "{D595426E-A75C-4636-8E6C-6A4EAB866566}"
EndProject
Project("{FAE04EC0-301F-11D3-BF4B-00C04F79EFBC}") = "Base Plate Engine", "Base Plate Engine\Base Plate Engine.csproj", "{349B97FE-6EB3-4F56-B035-A834FA176EC5}"
EndProject
Project("{FAE04EC0-301F-11D3-BF4B-00C04F79EFBC}") = "UnitTestProject", "UnitTestProject\UnitTestProject.csproj", "{ADF48711-6BDD-418C-A375-2F291B0A6ADE}"
EndProject
Global
	GlobalSection(SolutionConfigurationPlatforms) = preSolution
		Debug|Any CPU = Debug|Any CPU
		Release|Any CPU = Release|Any CPU
	EndGlobalSection
	GlobalSection(ProjectConfigurationPlatforms) = postSolution
		{D595426E-A75C-4636-8E6C-6A4EAB866566}.Debug|Any CPU.ActiveCfg = Debug|Any CPU
		{D595426E-A75C-4636-8E6C-6A4EAB866566}.Debug|Any CPU.Build.0 = Debug|Any CPU
		{D595426E-A75C-4636-8E6C-6A4EAB866566}.Release|Any CPU.ActiveCfg = Release|Any CPU
		{D595426E-A75C-4636-8E6C-6A4EAB866566}.Release|Any CPU.Build.0 = Release|Any CPU
		{349B97FE-6EB3-4F56-B035-A834FA176EC5}.Debug|Any CPU.ActiveCfg = Debug|Any CPU
		{349B97FE-6EB3-4F56-B035-A834FA176EC5}.Debug|Any CPU.Build.0 = Debug|Any CPU
		{349B97FE-6EB3-4F56-B035-A834FA176EC5}.Release|Any CPU.ActiveCfg = Release|Any CPU
		{349B97FE-6EB3-4F56-B035-A834FA176EC5}.Release|Any CPU.Build.0 = Release|Any CPU
		{ADF48711-6BDD-418C-A375-2F291B0A6ADE}.Debug|Any CPU.ActiveCfg = Debug|Any CPU
		{ADF48711-6BDD-418C-A375-2F291B0A6ADE}.Debug|Any CPU.Build.0 = Debug|Any CPU
		{ADF48711-6BDD-418C-A375-2F291B0A6ADE}.Release|Any CPU.ActiveCfg = Release|Any CPU
		{ADF48711-6BDD-418C-A375-2F291B0A6ADE}.Release|Any CPU.Build.0 = Release|Any CPU
	EndGlobalSection
	GlobalSection(SolutionProperties) = preSolution
		HideSolutionNode = FALSE
	EndGlobalSection
	GlobalSection(ExtensibilityGlobals) = postSolution
		SolutionGuid = {63CF4E5E-ADC7-423B-AF87-3D7DF8B05728}
	EndGlobalSection
EndGlobal
